
Microsoft Visual Studio Solution File, Format Version 12.00
Project("{FAE04EC0-301F-11D3-BF4B-00C04F79EFBC}") = "Ex001", "Ex001\Ex001.csproj", "{44E11F14-4575-408B-8A17-1EC1218666FB}"
EndProject
Project("{FAE04EC0-301F-11D3-BF4B-00C04F79EFBC}") = "Ex002", "Ex002\Ex002.csproj", "{BF03FB03-6182-4776-9638-7EBC0583D685}"
EndProject
Project("{2150E333-8FDC-42A3-9474-1A3956D46DE8}") = "Ex003", "Ex003", "{C656ACFE-AD37-48E0-B7CD-743454F321FB}"
EndProject
Project("{2150E333-8FDC-42A3-9474-1A3956D46DE8}") = "Ex004", "Ex004", "{C11C0CB1-3653-4E8F-856D-C04D088DF138}"
EndProject
Project("{FAE04EC0-301F-11D3-BF4B-00C04F79EFBC}") = "TestApp", "TestApp\TestApp.csproj", "{A013CC30-F258-457D-93A9-3866E3CFEC6E}"
EndProject
Project("{FAE04EC0-301F-11D3-BF4B-00C04F79EFBC}") = "TestApp2", "TestApp2\TestApp2.csproj", "{5A92A192-522B-42C0-8694-DD493A55943F}"
EndProject
Project("{FAE04EC0-301F-11D3-BF4B-00C04F79EFBC}") = "Tests", "Tests\Tests.csproj", "{D273BC08-DB3F-473A-96F7-A6861D45414D}"
EndProject
Project("{FAE04EC0-301F-11D3-BF4B-00C04F79EFBC}") = "Test2", "Test2\Test2.csproj", "{583D80B3-E478-4A6D-8E9E-26E90312ED87}"
EndProject
Global
	GlobalSection(SolutionConfigurationPlatforms) = preSolution
		Debug|Any CPU = Debug|Any CPU
		Release|Any CPU = Release|Any CPU
	EndGlobalSection
	GlobalSection(ProjectConfigurationPlatforms) = postSolution
		{44E11F14-4575-408B-8A17-1EC1218666FB}.Debug|Any CPU.ActiveCfg = Debug|Any CPU
		{44E11F14-4575-408B-8A17-1EC1218666FB}.Debug|Any CPU.Build.0 = Debug|Any CPU
		{44E11F14-4575-408B-8A17-1EC1218666FB}.Release|Any CPU.ActiveCfg = Release|Any CPU
		{44E11F14-4575-408B-8A17-1EC1218666FB}.Release|Any CPU.Build.0 = Release|Any CPU
		{BF03FB03-6182-4776-9638-7EBC0583D685}.Debug|Any CPU.ActiveCfg = Debug|Any CPU
		{BF03FB03-6182-4776-9638-7EBC0583D685}.Debug|Any CPU.Build.0 = Debug|Any CPU
		{BF03FB03-6182-4776-9638-7EBC0583D685}.Release|Any CPU.ActiveCfg = Release|Any CPU
		{BF03FB03-6182-4776-9638-7EBC0583D685}.Release|Any CPU.Build.0 = Release|Any CPU
		{A013CC30-F258-457D-93A9-3866E3CFEC6E}.Debug|Any CPU.ActiveCfg = Debug|Any CPU
		{A013CC30-F258-457D-93A9-3866E3CFEC6E}.Debug|Any CPU.Build.0 = Debug|Any CPU
		{A013CC30-F258-457D-93A9-3866E3CFEC6E}.Release|Any CPU.ActiveCfg = Release|Any CPU
		{A013CC30-F258-457D-93A9-3866E3CFEC6E}.Release|Any CPU.Build.0 = Release|Any CPU
		{5A92A192-522B-42C0-8694-DD493A55943F}.Debug|Any CPU.ActiveCfg = Debug|Any CPU
		{5A92A192-522B-42C0-8694-DD493A55943F}.Debug|Any CPU.Build.0 = Debug|Any CPU
		{5A92A192-522B-42C0-8694-DD493A55943F}.Release|Any CPU.ActiveCfg = Release|Any CPU
		{5A92A192-522B-42C0-8694-DD493A55943F}.Release|Any CPU.Build.0 = Release|Any CPU
		{D273BC08-DB3F-473A-96F7-A6861D45414D}.Debug|Any CPU.ActiveCfg = Debug|Any CPU
		{D273BC08-DB3F-473A-96F7-A6861D45414D}.Debug|Any CPU.Build.0 = Debug|Any CPU
		{D273BC08-DB3F-473A-96F7-A6861D45414D}.Release|Any CPU.ActiveCfg = Release|Any CPU
		{D273BC08-DB3F-473A-96F7-A6861D45414D}.Release|Any CPU.Build.0 = Release|Any CPU
		{583D80B3-E478-4A6D-8E9E-26E90312ED87}.Debug|Any CPU.ActiveCfg = Debug|Any CPU
		{583D80B3-E478-4A6D-8E9E-26E90312ED87}.Debug|Any CPU.Build.0 = Debug|Any CPU
		{583D80B3-E478-4A6D-8E9E-26E90312ED87}.Release|Any CPU.ActiveCfg = Release|Any CPU
		{583D80B3-E478-4A6D-8E9E-26E90312ED87}.Release|Any CPU.Build.0 = Release|Any CPU
	EndGlobalSection
	GlobalSection(NestedProjects) = preSolution
		{A013CC30-F258-457D-93A9-3866E3CFEC6E} = {C656ACFE-AD37-48E0-B7CD-743454F321FB}
		{5A92A192-522B-42C0-8694-DD493A55943F} = {C11C0CB1-3653-4E8F-856D-C04D088DF138}
		{D273BC08-DB3F-473A-96F7-A6861D45414D} = {C656ACFE-AD37-48E0-B7CD-743454F321FB}
		{583D80B3-E478-4A6D-8E9E-26E90312ED87} = {C11C0CB1-3653-4E8F-856D-C04D088DF138}
	EndGlobalSection
EndGlobal
