
Microsoft Visual Studio Solution File, Format Version 12.00
Project("{FAE04EC0-301F-11D3-BF4B-00C04F79EFBC}") = "Ex001", "Ex001\Ex001.csproj", "{C12D7283-4669-4C93-8D0E-0B21F202785B}"
EndProject
Project("{FAE04EC0-301F-11D3-BF4B-00C04F79EFBC}") = "Ex002", "Ex002\Ex002.csproj", "{626D1E2B-DE63-466C-A4D3-55D4C6BCE97E}"
EndProject
Project("{FAE04EC0-301F-11D3-BF4B-00C04F79EFBC}") = "Ex003", "Ex003\Ex003.csproj", "{FA0A14DC-28EA-4E26-848C-CA65CD2267F5}"
EndProject
Project("{FAE04EC0-301F-11D3-BF4B-00C04F79EFBC}") = "Ex004", "Ex004\Ex004.csproj", "{5EF9CD10-3B49-41F0-B984-57B6227FFAB9}"
EndProject
Project("{FAE04EC0-301F-11D3-BF4B-00C04F79EFBC}") = "Ex005", "Ex005\Ex005.csproj", "{5A16CEDA-8808-4A5C-83A3-CA20E569F97E}"
EndProject
Project("{FAE04EC0-301F-11D3-BF4B-00C04F79EFBC}") = "Ex006", "Ex006\Ex006.csproj", "{BF041C18-4109-4819-8544-FF9D8063191E}"
EndProject
Project("{FAE04EC0-301F-11D3-BF4B-00C04F79EFBC}") = "Ex007", "Ex007\Ex007.csproj", "{9AC3CA03-9F8C-4C83-9E34-16EE5CFB88A1}"
EndProject
Project("{FAE04EC0-301F-11D3-BF4B-00C04F79EFBC}") = "Ex008", "Ex008\Ex008.csproj", "{819BBE3B-6C9F-4562-9848-2AA732213D2C}"
EndProject
Project("{FAE04EC0-301F-11D3-BF4B-00C04F79EFBC}") = "Ex009", "Ex009\Ex009.csproj", "{C2D570FA-A057-4CA2-A842-CD3661680457}"
EndProject
Global
	GlobalSection(SolutionConfigurationPlatforms) = preSolution
		Debug|Any CPU = Debug|Any CPU
		Release|Any CPU = Release|Any CPU
	EndGlobalSection
	GlobalSection(ProjectConfigurationPlatforms) = postSolution
		{C12D7283-4669-4C93-8D0E-0B21F202785B}.Debug|Any CPU.ActiveCfg = Debug|Any CPU
		{C12D7283-4669-4C93-8D0E-0B21F202785B}.Debug|Any CPU.Build.0 = Debug|Any CPU
		{C12D7283-4669-4C93-8D0E-0B21F202785B}.Release|Any CPU.ActiveCfg = Release|Any CPU
		{C12D7283-4669-4C93-8D0E-0B21F202785B}.Release|Any CPU.Build.0 = Release|Any CPU
		{626D1E2B-DE63-466C-A4D3-55D4C6BCE97E}.Debug|Any CPU.ActiveCfg = Debug|Any CPU
		{626D1E2B-DE63-466C-A4D3-55D4C6BCE97E}.Debug|Any CPU.Build.0 = Debug|Any CPU
		{626D1E2B-DE63-466C-A4D3-55D4C6BCE97E}.Release|Any CPU.ActiveCfg = Release|Any CPU
		{626D1E2B-DE63-466C-A4D3-55D4C6BCE97E}.Release|Any CPU.Build.0 = Release|Any CPU
		{FA0A14DC-28EA-4E26-848C-CA65CD2267F5}.Debug|Any CPU.ActiveCfg = Debug|Any CPU
		{FA0A14DC-28EA-4E26-848C-CA65CD2267F5}.Debug|Any CPU.Build.0 = Debug|Any CPU
		{FA0A14DC-28EA-4E26-848C-CA65CD2267F5}.Release|Any CPU.ActiveCfg = Release|Any CPU
		{FA0A14DC-28EA-4E26-848C-CA65CD2267F5}.Release|Any CPU.Build.0 = Release|Any CPU
		{5EF9CD10-3B49-41F0-B984-57B6227FFAB9}.Debug|Any CPU.ActiveCfg = Debug|Any CPU
		{5EF9CD10-3B49-41F0-B984-57B6227FFAB9}.Debug|Any CPU.Build.0 = Debug|Any CPU
		{5EF9CD10-3B49-41F0-B984-57B6227FFAB9}.Release|Any CPU.ActiveCfg = Release|Any CPU
		{5EF9CD10-3B49-41F0-B984-57B6227FFAB9}.Release|Any CPU.Build.0 = Release|Any CPU
		{5A16CEDA-8808-4A5C-83A3-CA20E569F97E}.Debug|Any CPU.ActiveCfg = Debug|Any CPU
		{5A16CEDA-8808-4A5C-83A3-CA20E569F97E}.Debug|Any CPU.Build.0 = Debug|Any CPU
		{5A16CEDA-8808-4A5C-83A3-CA20E569F97E}.Release|Any CPU.ActiveCfg = Release|Any CPU
		{5A16CEDA-8808-4A5C-83A3-CA20E569F97E}.Release|Any CPU.Build.0 = Release|Any CPU
		{BF041C18-4109-4819-8544-FF9D8063191E}.Debug|Any CPU.ActiveCfg = Debug|Any CPU
		{BF041C18-4109-4819-8544-FF9D8063191E}.Debug|Any CPU.Build.0 = Debug|Any CPU
		{BF041C18-4109-4819-8544-FF9D8063191E}.Release|Any CPU.ActiveCfg = Release|Any CPU
		{BF041C18-4109-4819-8544-FF9D8063191E}.Release|Any CPU.Build.0 = Release|Any CPU
		{9AC3CA03-9F8C-4C83-9E34-16EE5CFB88A1}.Debug|Any CPU.ActiveCfg = Debug|Any CPU
		{9AC3CA03-9F8C-4C83-9E34-16EE5CFB88A1}.Debug|Any CPU.Build.0 = Debug|Any CPU
		{9AC3CA03-9F8C-4C83-9E34-16EE5CFB88A1}.Release|Any CPU.ActiveCfg = Release|Any CPU
		{9AC3CA03-9F8C-4C83-9E34-16EE5CFB88A1}.Release|Any CPU.Build.0 = Release|Any CPU
		{819BBE3B-6C9F-4562-9848-2AA732213D2C}.Debug|Any CPU.ActiveCfg = Debug|Any CPU
		{819BBE3B-6C9F-4562-9848-2AA732213D2C}.Debug|Any CPU.Build.0 = Debug|Any CPU
		{819BBE3B-6C9F-4562-9848-2AA732213D2C}.Release|Any CPU.ActiveCfg = Release|Any CPU
		{819BBE3B-6C9F-4562-9848-2AA732213D2C}.Release|Any CPU.Build.0 = Release|Any CPU
		{C2D570FA-A057-4CA2-A842-CD3661680457}.Debug|Any CPU.ActiveCfg = Debug|Any CPU
		{C2D570FA-A057-4CA2-A842-CD3661680457}.Debug|Any CPU.Build.0 = Debug|Any CPU
		{C2D570FA-A057-4CA2-A842-CD3661680457}.Release|Any CPU.ActiveCfg = Release|Any CPU
		{C2D570FA-A057-4CA2-A842-CD3661680457}.Release|Any CPU.Build.0 = Release|Any CPU
	EndGlobalSection
EndGlobal
