
Microsoft Visual Studio Solution File, Format Version 12.00
Project("{FAE04EC0-301F-11D3-BF4B-00C04F79EFBC}") = "Ex001", "Ex001\Ex001.csproj", "{013709AC-2C8E-4D53-87B6-5325EE7E63CA}"
EndProject
Project("{FAE04EC0-301F-11D3-BF4B-00C04F79EFBC}") = "Ex002", "Ex002\Ex002.csproj", "{627D1F7D-F6F6-4352-ACFE-346BF0F62BE8}"
EndProject
Project("{FAE04EC0-301F-11D3-BF4B-00C04F79EFBC}") = "Ex003", "Ex003\Ex003.csproj", "{7736BDF9-ACE5-4790-A717-54746B865116}"
EndProject
Project("{FAE04EC0-301F-11D3-BF4B-00C04F79EFBC}") = "Ex004", "Ex004\Ex004.csproj", "{987958FC-A556-4F5C-9B0D-77E512F459F5}"
EndProject
Project("{FAE04EC0-301F-11D3-BF4B-00C04F79EFBC}") = "Ex005", "Ex005\Ex005.csproj", "{273BA97E-943A-4328-BB72-0A6A169FFFEC}"
EndProject
Project("{FAE04EC0-301F-11D3-BF4B-00C04F79EFBC}") = "Ex006", "Ex006\Ex006.csproj", "{1CFF63A8-4FA2-426D-A4B7-0F8CA85C1E3C}"
EndProject
Project("{FAE04EC0-301F-11D3-BF4B-00C04F79EFBC}") = "Ex007", "Ex007\Ex007.csproj", "{CF5D87C6-64E3-4D9B-863F-A4E72BEBE52F}"
EndProject
Global
	GlobalSection(SolutionConfigurationPlatforms) = preSolution
		Debug|Any CPU = Debug|Any CPU
		Release|Any CPU = Release|Any CPU
	EndGlobalSection
	GlobalSection(ProjectConfigurationPlatforms) = postSolution
		{013709AC-2C8E-4D53-87B6-5325EE7E63CA}.Debug|Any CPU.ActiveCfg = Debug|Any CPU
		{013709AC-2C8E-4D53-87B6-5325EE7E63CA}.Debug|Any CPU.Build.0 = Debug|Any CPU
		{013709AC-2C8E-4D53-87B6-5325EE7E63CA}.Release|Any CPU.ActiveCfg = Release|Any CPU
		{013709AC-2C8E-4D53-87B6-5325EE7E63CA}.Release|Any CPU.Build.0 = Release|Any CPU
		{627D1F7D-F6F6-4352-ACFE-346BF0F62BE8}.Debug|Any CPU.ActiveCfg = Debug|Any CPU
		{627D1F7D-F6F6-4352-ACFE-346BF0F62BE8}.Debug|Any CPU.Build.0 = Debug|Any CPU
		{627D1F7D-F6F6-4352-ACFE-346BF0F62BE8}.Release|Any CPU.ActiveCfg = Release|Any CPU
		{627D1F7D-F6F6-4352-ACFE-346BF0F62BE8}.Release|Any CPU.Build.0 = Release|Any CPU
		{7736BDF9-ACE5-4790-A717-54746B865116}.Debug|Any CPU.ActiveCfg = Debug|Any CPU
		{7736BDF9-ACE5-4790-A717-54746B865116}.Debug|Any CPU.Build.0 = Debug|Any CPU
		{7736BDF9-ACE5-4790-A717-54746B865116}.Release|Any CPU.ActiveCfg = Release|Any CPU
		{7736BDF9-ACE5-4790-A717-54746B865116}.Release|Any CPU.Build.0 = Release|Any CPU
		{987958FC-A556-4F5C-9B0D-77E512F459F5}.Debug|Any CPU.ActiveCfg = Debug|Any CPU
		{987958FC-A556-4F5C-9B0D-77E512F459F5}.Debug|Any CPU.Build.0 = Debug|Any CPU
		{987958FC-A556-4F5C-9B0D-77E512F459F5}.Release|Any CPU.ActiveCfg = Release|Any CPU
		{987958FC-A556-4F5C-9B0D-77E512F459F5}.Release|Any CPU.Build.0 = Release|Any CPU
		{273BA97E-943A-4328-BB72-0A6A169FFFEC}.Debug|Any CPU.ActiveCfg = Debug|Any CPU
		{273BA97E-943A-4328-BB72-0A6A169FFFEC}.Debug|Any CPU.Build.0 = Debug|Any CPU
		{273BA97E-943A-4328-BB72-0A6A169FFFEC}.Release|Any CPU.ActiveCfg = Release|Any CPU
		{273BA97E-943A-4328-BB72-0A6A169FFFEC}.Release|Any CPU.Build.0 = Release|Any CPU
		{1CFF63A8-4FA2-426D-A4B7-0F8CA85C1E3C}.Debug|Any CPU.ActiveCfg = Debug|Any CPU
		{1CFF63A8-4FA2-426D-A4B7-0F8CA85C1E3C}.Debug|Any CPU.Build.0 = Debug|Any CPU
		{1CFF63A8-4FA2-426D-A4B7-0F8CA85C1E3C}.Release|Any CPU.ActiveCfg = Release|Any CPU
		{1CFF63A8-4FA2-426D-A4B7-0F8CA85C1E3C}.Release|Any CPU.Build.0 = Release|Any CPU
		{CF5D87C6-64E3-4D9B-863F-A4E72BEBE52F}.Debug|Any CPU.ActiveCfg = Debug|Any CPU
		{CF5D87C6-64E3-4D9B-863F-A4E72BEBE52F}.Debug|Any CPU.Build.0 = Debug|Any CPU
		{CF5D87C6-64E3-4D9B-863F-A4E72BEBE52F}.Release|Any CPU.ActiveCfg = Release|Any CPU
		{CF5D87C6-64E3-4D9B-863F-A4E72BEBE52F}.Release|Any CPU.Build.0 = Release|Any CPU
	EndGlobalSection
EndGlobal
