
Microsoft Visual Studio Solution File, Format Version 12.00
Project("{FAE04EC0-301F-11D3-BF4B-00C04F79EFBC}") = "TestApp", "TestApp\TestApp.csproj", "{02A3D2AC-C5E3-4477-8853-F1D6625CFC2A}"
EndProject
Project("{FAE04EC0-301F-11D3-BF4B-00C04F79EFBC}") = "Tests", "Tests\Tests.csproj", "{2B508F91-0949-484E-9481-46F7147331EB}"
EndProject
Global
	GlobalSection(SolutionConfigurationPlatforms) = preSolution
		Debug|Any CPU = Debug|Any CPU
		Release|Any CPU = Release|Any CPU
	EndGlobalSection
	GlobalSection(ProjectConfigurationPlatforms) = postSolution
		{02A3D2AC-C5E3-4477-8853-F1D6625CFC2A}.Debug|Any CPU.ActiveCfg = Debug|Any CPU
		{02A3D2AC-C5E3-4477-8853-F1D6625CFC2A}.Debug|Any CPU.Build.0 = Debug|Any CPU
		{02A3D2AC-C5E3-4477-8853-F1D6625CFC2A}.Release|Any CPU.ActiveCfg = Release|Any CPU
		{02A3D2AC-C5E3-4477-8853-F1D6625CFC2A}.Release|Any CPU.Build.0 = Release|Any CPU
		{2B508F91-0949-484E-9481-46F7147331EB}.Debug|Any CPU.ActiveCfg = Debug|Any CPU
		{2B508F91-0949-484E-9481-46F7147331EB}.Debug|Any CPU.Build.0 = Debug|Any CPU
		{2B508F91-0949-484E-9481-46F7147331EB}.Release|Any CPU.ActiveCfg = Release|Any CPU
		{2B508F91-0949-484E-9481-46F7147331EB}.Release|Any CPU.Build.0 = Release|Any CPU
	EndGlobalSection
EndGlobal
