
Microsoft Visual Studio Solution File, Format Version 12.00
Project("{FAE04EC0-301F-11D3-BF4B-00C04F79EFBC}") = "TestApp", "TestApp\TestApp.csproj", "{F73AE887-FC9D-4993-84C9-AFBAEDD5B3EB}"
EndProject
Project("{FAE04EC0-301F-11D3-BF4B-00C04F79EFBC}") = "Tests", "Tests\Tests.csproj", "{4C791A03-579D-4DA8-97F2-401D81609078}"
EndProject
Global
	GlobalSection(SolutionConfigurationPlatforms) = preSolution
		Debug|Any CPU = Debug|Any CPU
		Release|Any CPU = Release|Any CPU
	EndGlobalSection
	GlobalSection(ProjectConfigurationPlatforms) = postSolution
		{F73AE887-FC9D-4993-84C9-AFBAEDD5B3EB}.Debug|Any CPU.ActiveCfg = Debug|Any CPU
		{F73AE887-FC9D-4993-84C9-AFBAEDD5B3EB}.Debug|Any CPU.Build.0 = Debug|Any CPU
		{F73AE887-FC9D-4993-84C9-AFBAEDD5B3EB}.Release|Any CPU.ActiveCfg = Release|Any CPU
		{F73AE887-FC9D-4993-84C9-AFBAEDD5B3EB}.Release|Any CPU.Build.0 = Release|Any CPU
		{4C791A03-579D-4DA8-97F2-401D81609078}.Debug|Any CPU.ActiveCfg = Debug|Any CPU
		{4C791A03-579D-4DA8-97F2-401D81609078}.Debug|Any CPU.Build.0 = Debug|Any CPU
		{4C791A03-579D-4DA8-97F2-401D81609078}.Release|Any CPU.ActiveCfg = Release|Any CPU
		{4C791A03-579D-4DA8-97F2-401D81609078}.Release|Any CPU.Build.0 = Release|Any CPU
	EndGlobalSection
EndGlobal
