
Microsoft Visual Studio Solution File, Format Version 12.00
# Visual Studio Version 17
VisualStudioVersion = 17.9.34902.65
MinimumVisualStudioVersion = 10.0.40219.1
Project("{FAE04EC0-301F-11D3-BF4B-00C04F79EFBC}") = "Ex001", "Ex001\Ex001.csproj", "{E63858A9-9DAA-4891-B5D4-4C32AB8D7300}"
EndProject
Project("{FAE04EC0-301F-11D3-BF4B-00C04F79EFBC}") = "Ex002", "Ex002\Ex002.csproj", "{EF267FC9-DFF3-47B3-92EB-C065DCC8EEA9}"
EndProject
Project("{FAE04EC0-301F-11D3-BF4B-00C04F79EFBC}") = "Ex003", "Ex003\Ex003.csproj", "{F175091A-3E00-4426-A0BE-50F4EF5746FB}"
EndProject
Project("{FAE04EC0-301F-11D3-BF4B-00C04F79EFBC}") = "Ex004", "Ex004\Ex004.csproj", "{B72632B0-70FF-4C9F-B967-940E980B31EF}"
EndProject
Project("{FAE04EC0-301F-11D3-BF4B-00C04F79EFBC}") = "Ex005", "Ex005\Ex005.csproj", "{CB6E862F-2A2B-45A2-9BDF-653BE99F425E}"
EndProject
Project("{FAE04EC0-301F-11D3-BF4B-00C04F79EFBC}") = "Ex006", "Ex006\Ex006.csproj", "{5395102B-264A-401B-ADAB-F5DBEA214C40}"
EndProject
Project("{FAE04EC0-301F-11D3-BF4B-00C04F79EFBC}") = "Ex007", "Ex007\Ex007.csproj", "{A13AC6A2-FAEE-45C1-A00D-E4585D535DD3}"
EndProject
Project("{FAE04EC0-301F-11D3-BF4B-00C04F79EFBC}") = "Ex008", "Ex008\Ex008.csproj", "{626A2A25-11A0-45C3-A5F1-90E0B6F29F1B}"
EndProject
Project("{FAE04EC0-301F-11D3-BF4B-00C04F79EFBC}") = "Ex009", "Ex009\Ex009.csproj", "{AB46F946-F329-442B-882C-A33C89C28F9D}"
EndProject
Project("{FAE04EC0-301F-11D3-BF4B-00C04F79EFBC}") = "Ex010", "Ex010\Ex010.csproj", "{FDD02879-EF24-41D6-8B42-090AA01E42AE}"
EndProject
Project("{FAE04EC0-301F-11D3-BF4B-00C04F79EFBC}") = "TestApp", "TestApp\TestApp.csproj", "{C1407761-9EC6-4168-8343-C85083979576}"
EndProject
Global
	GlobalSection(SolutionConfigurationPlatforms) = preSolution
		Debug|Any CPU = Debug|Any CPU
		Release|Any CPU = Release|Any CPU
	EndGlobalSection
	GlobalSection(ProjectConfigurationPlatforms) = postSolution
		{E63858A9-9DAA-4891-B5D4-4C32AB8D7300}.Debug|Any CPU.ActiveCfg = Debug|Any CPU
		{E63858A9-9DAA-4891-B5D4-4C32AB8D7300}.Debug|Any CPU.Build.0 = Debug|Any CPU
		{E63858A9-9DAA-4891-B5D4-4C32AB8D7300}.Release|Any CPU.ActiveCfg = Release|Any CPU
		{E63858A9-9DAA-4891-B5D4-4C32AB8D7300}.Release|Any CPU.Build.0 = Release|Any CPU
		{EF267FC9-DFF3-47B3-92EB-C065DCC8EEA9}.Debug|Any CPU.ActiveCfg = Debug|Any CPU
		{EF267FC9-DFF3-47B3-92EB-C065DCC8EEA9}.Debug|Any CPU.Build.0 = Debug|Any CPU
		{EF267FC9-DFF3-47B3-92EB-C065DCC8EEA9}.Release|Any CPU.ActiveCfg = Release|Any CPU
		{EF267FC9-DFF3-47B3-92EB-C065DCC8EEA9}.Release|Any CPU.Build.0 = Release|Any CPU
		{F175091A-3E00-4426-A0BE-50F4EF5746FB}.Debug|Any CPU.ActiveCfg = Debug|Any CPU
		{F175091A-3E00-4426-A0BE-50F4EF5746FB}.Debug|Any CPU.Build.0 = Debug|Any CPU
		{F175091A-3E00-4426-A0BE-50F4EF5746FB}.Release|Any CPU.ActiveCfg = Release|Any CPU
		{F175091A-3E00-4426-A0BE-50F4EF5746FB}.Release|Any CPU.Build.0 = Release|Any CPU
		{B72632B0-70FF-4C9F-B967-940E980B31EF}.Debug|Any CPU.ActiveCfg = Debug|Any CPU
		{B72632B0-70FF-4C9F-B967-940E980B31EF}.Debug|Any CPU.Build.0 = Debug|Any CPU
		{B72632B0-70FF-4C9F-B967-940E980B31EF}.Release|Any CPU.ActiveCfg = Release|Any CPU
		{B72632B0-70FF-4C9F-B967-940E980B31EF}.Release|Any CPU.Build.0 = Release|Any CPU
		{CB6E862F-2A2B-45A2-9BDF-653BE99F425E}.Debug|Any CPU.ActiveCfg = Debug|Any CPU
		{CB6E862F-2A2B-45A2-9BDF-653BE99F425E}.Debug|Any CPU.Build.0 = Debug|Any CPU
		{CB6E862F-2A2B-45A2-9BDF-653BE99F425E}.Release|Any CPU.ActiveCfg = Release|Any CPU
		{CB6E862F-2A2B-45A2-9BDF-653BE99F425E}.Release|Any CPU.Build.0 = Release|Any CPU
		{5395102B-264A-401B-ADAB-F5DBEA214C40}.Debug|Any CPU.ActiveCfg = Debug|Any CPU
		{5395102B-264A-401B-ADAB-F5DBEA214C40}.Debug|Any CPU.Build.0 = Debug|Any CPU
		{5395102B-264A-401B-ADAB-F5DBEA214C40}.Release|Any CPU.ActiveCfg = Release|Any CPU
		{5395102B-264A-401B-ADAB-F5DBEA214C40}.Release|Any CPU.Build.0 = Release|Any CPU
		{A13AC6A2-FAEE-45C1-A00D-E4585D535DD3}.Debug|Any CPU.ActiveCfg = Debug|Any CPU
		{A13AC6A2-FAEE-45C1-A00D-E4585D535DD3}.Debug|Any CPU.Build.0 = Debug|Any CPU
		{A13AC6A2-FAEE-45C1-A00D-E4585D535DD3}.Release|Any CPU.ActiveCfg = Release|Any CPU
		{A13AC6A2-FAEE-45C1-A00D-E4585D535DD3}.Release|Any CPU.Build.0 = Release|Any CPU
		{626A2A25-11A0-45C3-A5F1-90E0B6F29F1B}.Debug|Any CPU.ActiveCfg = Debug|Any CPU
		{626A2A25-11A0-45C3-A5F1-90E0B6F29F1B}.Debug|Any CPU.Build.0 = Debug|Any CPU
		{626A2A25-11A0-45C3-A5F1-90E0B6F29F1B}.Release|Any CPU.ActiveCfg = Release|Any CPU
		{626A2A25-11A0-45C3-A5F1-90E0B6F29F1B}.Release|Any CPU.Build.0 = Release|Any CPU
		{AB46F946-F329-442B-882C-A33C89C28F9D}.Debug|Any CPU.ActiveCfg = Debug|Any CPU
		{AB46F946-F329-442B-882C-A33C89C28F9D}.Debug|Any CPU.Build.0 = Debug|Any CPU
		{AB46F946-F329-442B-882C-A33C89C28F9D}.Release|Any CPU.ActiveCfg = Release|Any CPU
		{AB46F946-F329-442B-882C-A33C89C28F9D}.Release|Any CPU.Build.0 = Release|Any CPU
		{FDD02879-EF24-41D6-8B42-090AA01E42AE}.Debug|Any CPU.ActiveCfg = Debug|Any CPU
		{FDD02879-EF24-41D6-8B42-090AA01E42AE}.Debug|Any CPU.Build.0 = Debug|Any CPU
		{FDD02879-EF24-41D6-8B42-090AA01E42AE}.Release|Any CPU.ActiveCfg = Release|Any CPU
		{FDD02879-EF24-41D6-8B42-090AA01E42AE}.Release|Any CPU.Build.0 = Release|Any CPU
		{C1407761-9EC6-4168-8343-C85083979576}.Debug|Any CPU.ActiveCfg = Debug|Any CPU
		{C1407761-9EC6-4168-8343-C85083979576}.Debug|Any CPU.Build.0 = Debug|Any CPU
		{C1407761-9EC6-4168-8343-C85083979576}.Release|Any CPU.ActiveCfg = Release|Any CPU
		{C1407761-9EC6-4168-8343-C85083979576}.Release|Any CPU.Build.0 = Release|Any CPU
	EndGlobalSection
	GlobalSection(SolutionProperties) = preSolution
		HideSolutionNode = FALSE
	EndGlobalSection
EndGlobal
