
Microsoft Visual Studio Solution File, Format Version 12.00
Project("{FAE04EC0-301F-11D3-BF4B-00C04F79EFBC}") = "Ex001", "Ex001\Ex001.csproj", "{711BE4B0-2371-48C6-B4B5-18416FDFEDE2}"
EndProject
Project("{FAE04EC0-301F-11D3-BF4B-00C04F79EFBC}") = "Ex002", "Ex002\Ex002.csproj", "{F97B3A31-73CE-4A47-94BC-63C6A9DDE3C7}"
EndProject
Project("{FAE04EC0-301F-11D3-BF4B-00C04F79EFBC}") = "Ex003", "Ex003\Ex003.csproj", "{45667B2E-F4BC-41F7-B1A3-2986563BED22}"
EndProject
Project("{FAE04EC0-301F-11D3-BF4B-00C04F79EFBC}") = "Ex004", "Ex004\Ex004.csproj", "{C00468DD-A22A-4B93-B9D9-C20602539F2C}"
EndProject
Project("{FAE04EC0-301F-11D3-BF4B-00C04F79EFBC}") = "Ex005", "Ex005\Ex005.csproj", "{C81E567A-F831-4D7D-9D5D-019296E02F3A}"
EndProject
Project("{FAE04EC0-301F-11D3-BF4B-00C04F79EFBC}") = "Ex006", "Ex006\Ex006.csproj", "{C0A6BED8-33F7-47B1-A709-0242EF90185D}"
EndProject
Project("{FAE04EC0-301F-11D3-BF4B-00C04F79EFBC}") = "Ex007", "Ex007\Ex007.csproj", "{F289D7DA-C880-400C-B802-CCBCCD4E7B0B}"
EndProject
Project("{FAE04EC0-301F-11D3-BF4B-00C04F79EFBC}") = "Ex008", "Ex008\Ex008.csproj", "{8E1B5142-835E-42A9-BE26-0A5BB5FBE9F2}"
EndProject
Project("{FAE04EC0-301F-11D3-BF4B-00C04F79EFBC}") = "Ex009", "Ex009\Ex009.csproj", "{C12E298C-3BF3-4745-8229-21EF3BA2B512}"
EndProject
Global
	GlobalSection(SolutionConfigurationPlatforms) = preSolution
		Debug|Any CPU = Debug|Any CPU
		Release|Any CPU = Release|Any CPU
	EndGlobalSection
	GlobalSection(ProjectConfigurationPlatforms) = postSolution
		{711BE4B0-2371-48C6-B4B5-18416FDFEDE2}.Debug|Any CPU.ActiveCfg = Debug|Any CPU
		{711BE4B0-2371-48C6-B4B5-18416FDFEDE2}.Debug|Any CPU.Build.0 = Debug|Any CPU
		{711BE4B0-2371-48C6-B4B5-18416FDFEDE2}.Release|Any CPU.ActiveCfg = Release|Any CPU
		{711BE4B0-2371-48C6-B4B5-18416FDFEDE2}.Release|Any CPU.Build.0 = Release|Any CPU
		{F97B3A31-73CE-4A47-94BC-63C6A9DDE3C7}.Debug|Any CPU.ActiveCfg = Debug|Any CPU
		{F97B3A31-73CE-4A47-94BC-63C6A9DDE3C7}.Debug|Any CPU.Build.0 = Debug|Any CPU
		{F97B3A31-73CE-4A47-94BC-63C6A9DDE3C7}.Release|Any CPU.ActiveCfg = Release|Any CPU
		{F97B3A31-73CE-4A47-94BC-63C6A9DDE3C7}.Release|Any CPU.Build.0 = Release|Any CPU
		{45667B2E-F4BC-41F7-B1A3-2986563BED22}.Debug|Any CPU.ActiveCfg = Debug|Any CPU
		{45667B2E-F4BC-41F7-B1A3-2986563BED22}.Debug|Any CPU.Build.0 = Debug|Any CPU
		{45667B2E-F4BC-41F7-B1A3-2986563BED22}.Release|Any CPU.ActiveCfg = Release|Any CPU
		{45667B2E-F4BC-41F7-B1A3-2986563BED22}.Release|Any CPU.Build.0 = Release|Any CPU
		{C00468DD-A22A-4B93-B9D9-C20602539F2C}.Debug|Any CPU.ActiveCfg = Debug|Any CPU
		{C00468DD-A22A-4B93-B9D9-C20602539F2C}.Debug|Any CPU.Build.0 = Debug|Any CPU
		{C00468DD-A22A-4B93-B9D9-C20602539F2C}.Release|Any CPU.ActiveCfg = Release|Any CPU
		{C00468DD-A22A-4B93-B9D9-C20602539F2C}.Release|Any CPU.Build.0 = Release|Any CPU
		{C81E567A-F831-4D7D-9D5D-019296E02F3A}.Debug|Any CPU.ActiveCfg = Debug|Any CPU
		{C81E567A-F831-4D7D-9D5D-019296E02F3A}.Debug|Any CPU.Build.0 = Debug|Any CPU
		{C81E567A-F831-4D7D-9D5D-019296E02F3A}.Release|Any CPU.ActiveCfg = Release|Any CPU
		{C81E567A-F831-4D7D-9D5D-019296E02F3A}.Release|Any CPU.Build.0 = Release|Any CPU
		{C0A6BED8-33F7-47B1-A709-0242EF90185D}.Debug|Any CPU.ActiveCfg = Debug|Any CPU
		{C0A6BED8-33F7-47B1-A709-0242EF90185D}.Debug|Any CPU.Build.0 = Debug|Any CPU
		{C0A6BED8-33F7-47B1-A709-0242EF90185D}.Release|Any CPU.ActiveCfg = Release|Any CPU
		{C0A6BED8-33F7-47B1-A709-0242EF90185D}.Release|Any CPU.Build.0 = Release|Any CPU
		{F289D7DA-C880-400C-B802-CCBCCD4E7B0B}.Debug|Any CPU.ActiveCfg = Debug|Any CPU
		{F289D7DA-C880-400C-B802-CCBCCD4E7B0B}.Debug|Any CPU.Build.0 = Debug|Any CPU
		{F289D7DA-C880-400C-B802-CCBCCD4E7B0B}.Release|Any CPU.ActiveCfg = Release|Any CPU
		{F289D7DA-C880-400C-B802-CCBCCD4E7B0B}.Release|Any CPU.Build.0 = Release|Any CPU
		{8E1B5142-835E-42A9-BE26-0A5BB5FBE9F2}.Debug|Any CPU.ActiveCfg = Debug|Any CPU
		{8E1B5142-835E-42A9-BE26-0A5BB5FBE9F2}.Debug|Any CPU.Build.0 = Debug|Any CPU
		{8E1B5142-835E-42A9-BE26-0A5BB5FBE9F2}.Release|Any CPU.ActiveCfg = Release|Any CPU
		{8E1B5142-835E-42A9-BE26-0A5BB5FBE9F2}.Release|Any CPU.Build.0 = Release|Any CPU
		{C12E298C-3BF3-4745-8229-21EF3BA2B512}.Debug|Any CPU.ActiveCfg = Debug|Any CPU
		{C12E298C-3BF3-4745-8229-21EF3BA2B512}.Debug|Any CPU.Build.0 = Debug|Any CPU
		{C12E298C-3BF3-4745-8229-21EF3BA2B512}.Release|Any CPU.ActiveCfg = Release|Any CPU
		{C12E298C-3BF3-4745-8229-21EF3BA2B512}.Release|Any CPU.Build.0 = Release|Any CPU
	EndGlobalSection
EndGlobal
