
Microsoft Visual Studio Solution File, Format Version 12.00
Project("{FAE04EC0-301F-11D3-BF4B-00C04F79EFBC}") = "Ex001", "Ex001\Ex001.csproj", "{485F9EB9-6ED1-46C7-A412-3508E49895A3}"
EndProject
Project("{FAE04EC0-301F-11D3-BF4B-00C04F79EFBC}") = "Ex002", "Ex002\Ex002.csproj", "{3E344DD7-4337-48FA-A4CF-B241A889F22F}"
EndProject
Project("{FAE04EC0-301F-11D3-BF4B-00C04F79EFBC}") = "Ex003", "Ex003\Ex003.csproj", "{565F8834-E722-411D-9C6A-07B47BBDD39A}"
EndProject
Project("{FAE04EC0-301F-11D3-BF4B-00C04F79EFBC}") = "Ex004", "Ex004\Ex004.csproj", "{17C63727-2700-4D1F-A5DD-D38B8AF77664}"
EndProject
Project("{FAE04EC0-301F-11D3-BF4B-00C04F79EFBC}") = "Ex005", "Ex005\Ex005.csproj", "{9A8C312C-A788-4DE2-BB45-1FEB76DCDAED}"
EndProject
Project("{FAE04EC0-301F-11D3-BF4B-00C04F79EFBC}") = "Ex006", "Ex006\Ex006.csproj", "{A3A5D965-EF3C-4FD3-81FF-298F6ADBA8B7}"
EndProject
Global
	GlobalSection(SolutionConfigurationPlatforms) = preSolution
		Debug|Any CPU = Debug|Any CPU
		Release|Any CPU = Release|Any CPU
	EndGlobalSection
	GlobalSection(ProjectConfigurationPlatforms) = postSolution
		{485F9EB9-6ED1-46C7-A412-3508E49895A3}.Debug|Any CPU.ActiveCfg = Debug|Any CPU
		{485F9EB9-6ED1-46C7-A412-3508E49895A3}.Debug|Any CPU.Build.0 = Debug|Any CPU
		{485F9EB9-6ED1-46C7-A412-3508E49895A3}.Release|Any CPU.ActiveCfg = Release|Any CPU
		{485F9EB9-6ED1-46C7-A412-3508E49895A3}.Release|Any CPU.Build.0 = Release|Any CPU
		{3E344DD7-4337-48FA-A4CF-B241A889F22F}.Debug|Any CPU.ActiveCfg = Debug|Any CPU
		{3E344DD7-4337-48FA-A4CF-B241A889F22F}.Debug|Any CPU.Build.0 = Debug|Any CPU
		{3E344DD7-4337-48FA-A4CF-B241A889F22F}.Release|Any CPU.ActiveCfg = Release|Any CPU
		{3E344DD7-4337-48FA-A4CF-B241A889F22F}.Release|Any CPU.Build.0 = Release|Any CPU
		{565F8834-E722-411D-9C6A-07B47BBDD39A}.Debug|Any CPU.ActiveCfg = Debug|Any CPU
		{565F8834-E722-411D-9C6A-07B47BBDD39A}.Debug|Any CPU.Build.0 = Debug|Any CPU
		{565F8834-E722-411D-9C6A-07B47BBDD39A}.Release|Any CPU.ActiveCfg = Release|Any CPU
		{565F8834-E722-411D-9C6A-07B47BBDD39A}.Release|Any CPU.Build.0 = Release|Any CPU
		{17C63727-2700-4D1F-A5DD-D38B8AF77664}.Debug|Any CPU.ActiveCfg = Debug|Any CPU
		{17C63727-2700-4D1F-A5DD-D38B8AF77664}.Debug|Any CPU.Build.0 = Debug|Any CPU
		{17C63727-2700-4D1F-A5DD-D38B8AF77664}.Release|Any CPU.ActiveCfg = Release|Any CPU
		{17C63727-2700-4D1F-A5DD-D38B8AF77664}.Release|Any CPU.Build.0 = Release|Any CPU
		{9A8C312C-A788-4DE2-BB45-1FEB76DCDAED}.Debug|Any CPU.ActiveCfg = Debug|Any CPU
		{9A8C312C-A788-4DE2-BB45-1FEB76DCDAED}.Debug|Any CPU.Build.0 = Debug|Any CPU
		{9A8C312C-A788-4DE2-BB45-1FEB76DCDAED}.Release|Any CPU.ActiveCfg = Release|Any CPU
		{9A8C312C-A788-4DE2-BB45-1FEB76DCDAED}.Release|Any CPU.Build.0 = Release|Any CPU
		{A3A5D965-EF3C-4FD3-81FF-298F6ADBA8B7}.Debug|Any CPU.ActiveCfg = Debug|Any CPU
		{A3A5D965-EF3C-4FD3-81FF-298F6ADBA8B7}.Debug|Any CPU.Build.0 = Debug|Any CPU
		{A3A5D965-EF3C-4FD3-81FF-298F6ADBA8B7}.Release|Any CPU.ActiveCfg = Release|Any CPU
		{A3A5D965-EF3C-4FD3-81FF-298F6ADBA8B7}.Release|Any CPU.Build.0 = Release|Any CPU
	EndGlobalSection
EndGlobal
