
Microsoft Visual Studio Solution File, Format Version 12.00
Project("{FAE04EC0-301F-11D3-BF4B-00C04F79EFBC}") = "Ex001", "Ex001\Ex001.csproj", "{BE4AE5EF-67C5-4341-BF90-56F5189EA70D}"
EndProject
Project("{FAE04EC0-301F-11D3-BF4B-00C04F79EFBC}") = "Ex002", "Ex002\Ex002.csproj", "{6C55E0A8-9938-44E5-8B58-6B94F2746F01}"
EndProject
Project("{FAE04EC0-301F-11D3-BF4B-00C04F79EFBC}") = "Ex003", "Ex003\Ex003.csproj", "{C2A138B9-73CF-4286-BB41-4C4F7E04DE3E}"
EndProject
Project("{FAE04EC0-301F-11D3-BF4B-00C04F79EFBC}") = "Ex004", "Ex004\Ex004.csproj", "{0742236A-C91E-40C6-9D64-4A3CAD4849EF}"
EndProject
Project("{FAE04EC0-301F-11D3-BF4B-00C04F79EFBC}") = "Ex005", "Ex005\Ex005.csproj", "{B1119746-2520-457B-B120-15043D7792F7}"
EndProject
Project("{FAE04EC0-301F-11D3-BF4B-00C04F79EFBC}") = "Ex006", "Ex006\Ex006.csproj", "{078A1D3F-00F4-4847-AAC9-67147F877763}"
EndProject
Project("{FAE04EC0-301F-11D3-BF4B-00C04F79EFBC}") = "Ex007", "Ex007\Ex007.csproj", "{1FA3B540-0FD0-458E-999D-DD058C92519C}"
EndProject
Project("{FAE04EC0-301F-11D3-BF4B-00C04F79EFBC}") = "Ex008", "Ex008\Ex008.csproj", "{D734D00A-F309-4610-957D-CD409ED7250A}"
EndProject
Project("{FAE04EC0-301F-11D3-BF4B-00C04F79EFBC}") = "Ex009", "Ex009\Ex009.csproj", "{67CABA1B-6B17-4921-9F51-73A93DF8EB23}"
EndProject
Global
	GlobalSection(SolutionConfigurationPlatforms) = preSolution
		Debug|Any CPU = Debug|Any CPU
		Release|Any CPU = Release|Any CPU
	EndGlobalSection
	GlobalSection(ProjectConfigurationPlatforms) = postSolution
		{BE4AE5EF-67C5-4341-BF90-56F5189EA70D}.Debug|Any CPU.ActiveCfg = Debug|Any CPU
		{BE4AE5EF-67C5-4341-BF90-56F5189EA70D}.Debug|Any CPU.Build.0 = Debug|Any CPU
		{BE4AE5EF-67C5-4341-BF90-56F5189EA70D}.Release|Any CPU.ActiveCfg = Release|Any CPU
		{BE4AE5EF-67C5-4341-BF90-56F5189EA70D}.Release|Any CPU.Build.0 = Release|Any CPU
		{6C55E0A8-9938-44E5-8B58-6B94F2746F01}.Debug|Any CPU.ActiveCfg = Debug|Any CPU
		{6C55E0A8-9938-44E5-8B58-6B94F2746F01}.Debug|Any CPU.Build.0 = Debug|Any CPU
		{6C55E0A8-9938-44E5-8B58-6B94F2746F01}.Release|Any CPU.ActiveCfg = Release|Any CPU
		{6C55E0A8-9938-44E5-8B58-6B94F2746F01}.Release|Any CPU.Build.0 = Release|Any CPU
		{C2A138B9-73CF-4286-BB41-4C4F7E04DE3E}.Debug|Any CPU.ActiveCfg = Debug|Any CPU
		{C2A138B9-73CF-4286-BB41-4C4F7E04DE3E}.Debug|Any CPU.Build.0 = Debug|Any CPU
		{C2A138B9-73CF-4286-BB41-4C4F7E04DE3E}.Release|Any CPU.ActiveCfg = Release|Any CPU
		{C2A138B9-73CF-4286-BB41-4C4F7E04DE3E}.Release|Any CPU.Build.0 = Release|Any CPU
		{0742236A-C91E-40C6-9D64-4A3CAD4849EF}.Debug|Any CPU.ActiveCfg = Debug|Any CPU
		{0742236A-C91E-40C6-9D64-4A3CAD4849EF}.Debug|Any CPU.Build.0 = Debug|Any CPU
		{0742236A-C91E-40C6-9D64-4A3CAD4849EF}.Release|Any CPU.ActiveCfg = Release|Any CPU
		{0742236A-C91E-40C6-9D64-4A3CAD4849EF}.Release|Any CPU.Build.0 = Release|Any CPU
		{B1119746-2520-457B-B120-15043D7792F7}.Debug|Any CPU.ActiveCfg = Debug|Any CPU
		{B1119746-2520-457B-B120-15043D7792F7}.Debug|Any CPU.Build.0 = Debug|Any CPU
		{B1119746-2520-457B-B120-15043D7792F7}.Release|Any CPU.ActiveCfg = Release|Any CPU
		{B1119746-2520-457B-B120-15043D7792F7}.Release|Any CPU.Build.0 = Release|Any CPU
		{078A1D3F-00F4-4847-AAC9-67147F877763}.Debug|Any CPU.ActiveCfg = Debug|Any CPU
		{078A1D3F-00F4-4847-AAC9-67147F877763}.Debug|Any CPU.Build.0 = Debug|Any CPU
		{078A1D3F-00F4-4847-AAC9-67147F877763}.Release|Any CPU.ActiveCfg = Release|Any CPU
		{078A1D3F-00F4-4847-AAC9-67147F877763}.Release|Any CPU.Build.0 = Release|Any CPU
		{1FA3B540-0FD0-458E-999D-DD058C92519C}.Debug|Any CPU.ActiveCfg = Debug|Any CPU
		{1FA3B540-0FD0-458E-999D-DD058C92519C}.Debug|Any CPU.Build.0 = Debug|Any CPU
		{1FA3B540-0FD0-458E-999D-DD058C92519C}.Release|Any CPU.ActiveCfg = Release|Any CPU
		{1FA3B540-0FD0-458E-999D-DD058C92519C}.Release|Any CPU.Build.0 = Release|Any CPU
		{D734D00A-F309-4610-957D-CD409ED7250A}.Debug|Any CPU.ActiveCfg = Debug|Any CPU
		{D734D00A-F309-4610-957D-CD409ED7250A}.Debug|Any CPU.Build.0 = Debug|Any CPU
		{D734D00A-F309-4610-957D-CD409ED7250A}.Release|Any CPU.ActiveCfg = Release|Any CPU
		{D734D00A-F309-4610-957D-CD409ED7250A}.Release|Any CPU.Build.0 = Release|Any CPU
		{67CABA1B-6B17-4921-9F51-73A93DF8EB23}.Debug|Any CPU.ActiveCfg = Debug|Any CPU
		{67CABA1B-6B17-4921-9F51-73A93DF8EB23}.Debug|Any CPU.Build.0 = Debug|Any CPU
		{67CABA1B-6B17-4921-9F51-73A93DF8EB23}.Release|Any CPU.ActiveCfg = Release|Any CPU
		{67CABA1B-6B17-4921-9F51-73A93DF8EB23}.Release|Any CPU.Build.0 = Release|Any CPU
	EndGlobalSection
EndGlobal
