
Microsoft Visual Studio Solution File, Format Version 12.00
Project("{FAE04EC0-301F-11D3-BF4B-00C04F79EFBC}") = "Ex001", "Ex001\Ex001.csproj", "{33E34E95-E998-476D-A7C9-31DC5ABF4C13}"
EndProject
Project("{FAE04EC0-301F-11D3-BF4B-00C04F79EFBC}") = "Ex002", "Ex002\Ex002.csproj", "{858ED36E-3E98-4F3A-B81D-DE1F3E1A715B}"
EndProject
Project("{FAE04EC0-301F-11D3-BF4B-00C04F79EFBC}") = "Ex003", "Ex003\Ex003.csproj", "{7E2DFB16-42F5-4EBA-9A9F-D18ACD45919F}"
EndProject
Project("{FAE04EC0-301F-11D3-BF4B-00C04F79EFBC}") = "Ex004", "Ex004\Ex004.csproj", "{F2E47807-6785-4EEB-9457-1CE9A9F831FF}"
EndProject
Project("{FAE04EC0-301F-11D3-BF4B-00C04F79EFBC}") = "Ex005", "Ex005\Ex005.csproj", "{7C2F34D0-A9D2-4CE2-A651-A8318B0EF25C}"
EndProject
Project("{FAE04EC0-301F-11D3-BF4B-00C04F79EFBC}") = "Ex006", "Ex006\Ex006.csproj", "{E3DF25F5-E24F-495F-87CB-487376F65F0D}"
EndProject
Project("{FAE04EC0-301F-11D3-BF4B-00C04F79EFBC}") = "Ex007", "Ex007\Ex007.csproj", "{B598C2E0-E385-42F9-AD72-BB068A57FC81}"
EndProject
Project("{FAE04EC0-301F-11D3-BF4B-00C04F79EFBC}") = "Ex008", "Ex008\Ex008.csproj", "{8D70DFC4-D419-483F-A1CA-B790B46534B3}"
EndProject
Project("{FAE04EC0-301F-11D3-BF4B-00C04F79EFBC}") = "Ex009", "Ex009\Ex009.csproj", "{1770D73A-E540-44A1-A622-D3EA871F39F0}"
EndProject
Global
	GlobalSection(SolutionConfigurationPlatforms) = preSolution
		Debug|Any CPU = Debug|Any CPU
		Release|Any CPU = Release|Any CPU
	EndGlobalSection
	GlobalSection(ProjectConfigurationPlatforms) = postSolution
		{33E34E95-E998-476D-A7C9-31DC5ABF4C13}.Debug|Any CPU.ActiveCfg = Debug|Any CPU
		{33E34E95-E998-476D-A7C9-31DC5ABF4C13}.Debug|Any CPU.Build.0 = Debug|Any CPU
		{33E34E95-E998-476D-A7C9-31DC5ABF4C13}.Release|Any CPU.ActiveCfg = Release|Any CPU
		{33E34E95-E998-476D-A7C9-31DC5ABF4C13}.Release|Any CPU.Build.0 = Release|Any CPU
		{858ED36E-3E98-4F3A-B81D-DE1F3E1A715B}.Debug|Any CPU.ActiveCfg = Debug|Any CPU
		{858ED36E-3E98-4F3A-B81D-DE1F3E1A715B}.Debug|Any CPU.Build.0 = Debug|Any CPU
		{858ED36E-3E98-4F3A-B81D-DE1F3E1A715B}.Release|Any CPU.ActiveCfg = Release|Any CPU
		{858ED36E-3E98-4F3A-B81D-DE1F3E1A715B}.Release|Any CPU.Build.0 = Release|Any CPU
		{7E2DFB16-42F5-4EBA-9A9F-D18ACD45919F}.Debug|Any CPU.ActiveCfg = Debug|Any CPU
		{7E2DFB16-42F5-4EBA-9A9F-D18ACD45919F}.Debug|Any CPU.Build.0 = Debug|Any CPU
		{7E2DFB16-42F5-4EBA-9A9F-D18ACD45919F}.Release|Any CPU.ActiveCfg = Release|Any CPU
		{7E2DFB16-42F5-4EBA-9A9F-D18ACD45919F}.Release|Any CPU.Build.0 = Release|Any CPU
		{F2E47807-6785-4EEB-9457-1CE9A9F831FF}.Debug|Any CPU.ActiveCfg = Debug|Any CPU
		{F2E47807-6785-4EEB-9457-1CE9A9F831FF}.Debug|Any CPU.Build.0 = Debug|Any CPU
		{F2E47807-6785-4EEB-9457-1CE9A9F831FF}.Release|Any CPU.ActiveCfg = Release|Any CPU
		{F2E47807-6785-4EEB-9457-1CE9A9F831FF}.Release|Any CPU.Build.0 = Release|Any CPU
		{7C2F34D0-A9D2-4CE2-A651-A8318B0EF25C}.Debug|Any CPU.ActiveCfg = Debug|Any CPU
		{7C2F34D0-A9D2-4CE2-A651-A8318B0EF25C}.Debug|Any CPU.Build.0 = Debug|Any CPU
		{7C2F34D0-A9D2-4CE2-A651-A8318B0EF25C}.Release|Any CPU.ActiveCfg = Release|Any CPU
		{7C2F34D0-A9D2-4CE2-A651-A8318B0EF25C}.Release|Any CPU.Build.0 = Release|Any CPU
		{E3DF25F5-E24F-495F-87CB-487376F65F0D}.Debug|Any CPU.ActiveCfg = Debug|Any CPU
		{E3DF25F5-E24F-495F-87CB-487376F65F0D}.Debug|Any CPU.Build.0 = Debug|Any CPU
		{E3DF25F5-E24F-495F-87CB-487376F65F0D}.Release|Any CPU.ActiveCfg = Release|Any CPU
		{E3DF25F5-E24F-495F-87CB-487376F65F0D}.Release|Any CPU.Build.0 = Release|Any CPU
		{B598C2E0-E385-42F9-AD72-BB068A57FC81}.Debug|Any CPU.ActiveCfg = Debug|Any CPU
		{B598C2E0-E385-42F9-AD72-BB068A57FC81}.Debug|Any CPU.Build.0 = Debug|Any CPU
		{B598C2E0-E385-42F9-AD72-BB068A57FC81}.Release|Any CPU.ActiveCfg = Release|Any CPU
		{B598C2E0-E385-42F9-AD72-BB068A57FC81}.Release|Any CPU.Build.0 = Release|Any CPU
		{8D70DFC4-D419-483F-A1CA-B790B46534B3}.Debug|Any CPU.ActiveCfg = Debug|Any CPU
		{8D70DFC4-D419-483F-A1CA-B790B46534B3}.Debug|Any CPU.Build.0 = Debug|Any CPU
		{8D70DFC4-D419-483F-A1CA-B790B46534B3}.Release|Any CPU.ActiveCfg = Release|Any CPU
		{8D70DFC4-D419-483F-A1CA-B790B46534B3}.Release|Any CPU.Build.0 = Release|Any CPU
		{1770D73A-E540-44A1-A622-D3EA871F39F0}.Debug|Any CPU.ActiveCfg = Debug|Any CPU
		{1770D73A-E540-44A1-A622-D3EA871F39F0}.Debug|Any CPU.Build.0 = Debug|Any CPU
		{1770D73A-E540-44A1-A622-D3EA871F39F0}.Release|Any CPU.ActiveCfg = Release|Any CPU
		{1770D73A-E540-44A1-A622-D3EA871F39F0}.Release|Any CPU.Build.0 = Release|Any CPU
	EndGlobalSection
EndGlobal
