
Microsoft Visual Studio Solution File, Format Version 12.00
Project("{FAE04EC0-301F-11D3-BF4B-00C04F79EFBC}") = "Ex001", "Ex001\Ex001.csproj", "{3F5F4251-61B7-4832-A6F2-4DBC76C6E488}"
EndProject
Project("{FAE04EC0-301F-11D3-BF4B-00C04F79EFBC}") = "Ex002", "Ex002\Ex002.csproj", "{7B3AF54A-6D59-4F9A-9569-C0D037C73038}"
EndProject
Project("{FAE04EC0-301F-11D3-BF4B-00C04F79EFBC}") = "Ex003", "Ex003\Ex003.csproj", "{AB318718-73E0-44A6-A6FD-70633B9A3757}"
EndProject
Project("{FAE04EC0-301F-11D3-BF4B-00C04F79EFBC}") = "Ex004", "Ex004\Ex004.csproj", "{D56222A2-47F9-4636-B276-1281FE8C041A}"
EndProject
Project("{FAE04EC0-301F-11D3-BF4B-00C04F79EFBC}") = "Ex005", "Ex005\Ex005.csproj", "{3CB56A71-D6D9-4339-9EFB-6B8A3BDABB8F}"
EndProject
Project("{FAE04EC0-301F-11D3-BF4B-00C04F79EFBC}") = "Ex006", "Ex006\Ex006.csproj", "{DEA22441-FCFC-4EDB-B7E1-BE1A4B956042}"
EndProject
Project("{FAE04EC0-301F-11D3-BF4B-00C04F79EFBC}") = "Ex007", "Ex007\Ex007.csproj", "{A2402A35-9F52-4F27-9CF8-6FCBB9D6126A}"
EndProject
Project("{FAE04EC0-301F-11D3-BF4B-00C04F79EFBC}") = "Ex008", "Ex008\Ex008.csproj", "{94A91F6B-F7F2-4946-B2EF-0BAB812A3F54}"
EndProject
Project("{FAE04EC0-301F-11D3-BF4B-00C04F79EFBC}") = "Ex009", "Ex009\Ex009.csproj", "{90509F11-DEAF-4C6D-9231-06BD58649CBF}"
EndProject
Global
	GlobalSection(SolutionConfigurationPlatforms) = preSolution
		Debug|Any CPU = Debug|Any CPU
		Release|Any CPU = Release|Any CPU
	EndGlobalSection
	GlobalSection(ProjectConfigurationPlatforms) = postSolution
		{3F5F4251-61B7-4832-A6F2-4DBC76C6E488}.Debug|Any CPU.ActiveCfg = Debug|Any CPU
		{3F5F4251-61B7-4832-A6F2-4DBC76C6E488}.Debug|Any CPU.Build.0 = Debug|Any CPU
		{3F5F4251-61B7-4832-A6F2-4DBC76C6E488}.Release|Any CPU.ActiveCfg = Release|Any CPU
		{3F5F4251-61B7-4832-A6F2-4DBC76C6E488}.Release|Any CPU.Build.0 = Release|Any CPU
		{7B3AF54A-6D59-4F9A-9569-C0D037C73038}.Debug|Any CPU.ActiveCfg = Debug|Any CPU
		{7B3AF54A-6D59-4F9A-9569-C0D037C73038}.Debug|Any CPU.Build.0 = Debug|Any CPU
		{7B3AF54A-6D59-4F9A-9569-C0D037C73038}.Release|Any CPU.ActiveCfg = Release|Any CPU
		{7B3AF54A-6D59-4F9A-9569-C0D037C73038}.Release|Any CPU.Build.0 = Release|Any CPU
		{AB318718-73E0-44A6-A6FD-70633B9A3757}.Debug|Any CPU.ActiveCfg = Debug|Any CPU
		{AB318718-73E0-44A6-A6FD-70633B9A3757}.Debug|Any CPU.Build.0 = Debug|Any CPU
		{AB318718-73E0-44A6-A6FD-70633B9A3757}.Release|Any CPU.ActiveCfg = Release|Any CPU
		{AB318718-73E0-44A6-A6FD-70633B9A3757}.Release|Any CPU.Build.0 = Release|Any CPU
		{D56222A2-47F9-4636-B276-1281FE8C041A}.Debug|Any CPU.ActiveCfg = Debug|Any CPU
		{D56222A2-47F9-4636-B276-1281FE8C041A}.Debug|Any CPU.Build.0 = Debug|Any CPU
		{D56222A2-47F9-4636-B276-1281FE8C041A}.Release|Any CPU.ActiveCfg = Release|Any CPU
		{D56222A2-47F9-4636-B276-1281FE8C041A}.Release|Any CPU.Build.0 = Release|Any CPU
		{3CB56A71-D6D9-4339-9EFB-6B8A3BDABB8F}.Debug|Any CPU.ActiveCfg = Debug|Any CPU
		{3CB56A71-D6D9-4339-9EFB-6B8A3BDABB8F}.Debug|Any CPU.Build.0 = Debug|Any CPU
		{3CB56A71-D6D9-4339-9EFB-6B8A3BDABB8F}.Release|Any CPU.ActiveCfg = Release|Any CPU
		{3CB56A71-D6D9-4339-9EFB-6B8A3BDABB8F}.Release|Any CPU.Build.0 = Release|Any CPU
		{DEA22441-FCFC-4EDB-B7E1-BE1A4B956042}.Debug|Any CPU.ActiveCfg = Debug|Any CPU
		{DEA22441-FCFC-4EDB-B7E1-BE1A4B956042}.Debug|Any CPU.Build.0 = Debug|Any CPU
		{DEA22441-FCFC-4EDB-B7E1-BE1A4B956042}.Release|Any CPU.ActiveCfg = Release|Any CPU
		{DEA22441-FCFC-4EDB-B7E1-BE1A4B956042}.Release|Any CPU.Build.0 = Release|Any CPU
		{A2402A35-9F52-4F27-9CF8-6FCBB9D6126A}.Debug|Any CPU.ActiveCfg = Debug|Any CPU
		{A2402A35-9F52-4F27-9CF8-6FCBB9D6126A}.Debug|Any CPU.Build.0 = Debug|Any CPU
		{A2402A35-9F52-4F27-9CF8-6FCBB9D6126A}.Release|Any CPU.ActiveCfg = Release|Any CPU
		{A2402A35-9F52-4F27-9CF8-6FCBB9D6126A}.Release|Any CPU.Build.0 = Release|Any CPU
		{94A91F6B-F7F2-4946-B2EF-0BAB812A3F54}.Debug|Any CPU.ActiveCfg = Debug|Any CPU
		{94A91F6B-F7F2-4946-B2EF-0BAB812A3F54}.Debug|Any CPU.Build.0 = Debug|Any CPU
		{94A91F6B-F7F2-4946-B2EF-0BAB812A3F54}.Release|Any CPU.ActiveCfg = Release|Any CPU
		{94A91F6B-F7F2-4946-B2EF-0BAB812A3F54}.Release|Any CPU.Build.0 = Release|Any CPU
		{90509F11-DEAF-4C6D-9231-06BD58649CBF}.Debug|Any CPU.ActiveCfg = Debug|Any CPU
		{90509F11-DEAF-4C6D-9231-06BD58649CBF}.Debug|Any CPU.Build.0 = Debug|Any CPU
		{90509F11-DEAF-4C6D-9231-06BD58649CBF}.Release|Any CPU.ActiveCfg = Release|Any CPU
		{90509F11-DEAF-4C6D-9231-06BD58649CBF}.Release|Any CPU.Build.0 = Release|Any CPU
	EndGlobalSection
EndGlobal
