
Microsoft Visual Studio Solution File, Format Version 12.00
Project("{FAE04EC0-301F-11D3-BF4B-00C04F79EFBC}") = "Ex001", "Ex001\Ex001.csproj", "{59F4873C-9F81-46E0-959F-A32B571E3498}"
EndProject
Project("{FAE04EC0-301F-11D3-BF4B-00C04F79EFBC}") = "Ex002", "Ex002\Ex002.csproj", "{6B43F4EC-6BED-4DB6-97F5-7E784D4BFDE3}"
EndProject
Project("{FAE04EC0-301F-11D3-BF4B-00C04F79EFBC}") = "Ex003", "Ex003\Ex003.csproj", "{8901B940-C984-43D1-8E6F-1DF67B628AE5}"
EndProject
Project("{FAE04EC0-301F-11D3-BF4B-00C04F79EFBC}") = "Ex004", "Ex004\Ex004.csproj", "{B8866018-9D95-4227-B3BC-C755F67DA795}"
EndProject
Project("{FAE04EC0-301F-11D3-BF4B-00C04F79EFBC}") = "Ex005", "Ex005\Ex005.csproj", "{3CEECEA6-FA2E-4A9E-BF13-4DB5F0D9E1D7}"
EndProject
Project("{FAE04EC0-301F-11D3-BF4B-00C04F79EFBC}") = "Ex006", "Ex006\Ex006.csproj", "{41745EA3-41E7-42C3-80D9-11F6DB09E3D3}"
EndProject
Project("{FAE04EC0-301F-11D3-BF4B-00C04F79EFBC}") = "Ex007", "Ex007\Ex007.csproj", "{4158AF2A-E6B2-436B-BD82-3CCB46B28480}"
EndProject
Global
	GlobalSection(SolutionConfigurationPlatforms) = preSolution
		Debug|Any CPU = Debug|Any CPU
		Release|Any CPU = Release|Any CPU
	EndGlobalSection
	GlobalSection(ProjectConfigurationPlatforms) = postSolution
		{59F4873C-9F81-46E0-959F-A32B571E3498}.Debug|Any CPU.ActiveCfg = Debug|Any CPU
		{59F4873C-9F81-46E0-959F-A32B571E3498}.Debug|Any CPU.Build.0 = Debug|Any CPU
		{59F4873C-9F81-46E0-959F-A32B571E3498}.Release|Any CPU.ActiveCfg = Release|Any CPU
		{59F4873C-9F81-46E0-959F-A32B571E3498}.Release|Any CPU.Build.0 = Release|Any CPU
		{6B43F4EC-6BED-4DB6-97F5-7E784D4BFDE3}.Debug|Any CPU.ActiveCfg = Debug|Any CPU
		{6B43F4EC-6BED-4DB6-97F5-7E784D4BFDE3}.Debug|Any CPU.Build.0 = Debug|Any CPU
		{6B43F4EC-6BED-4DB6-97F5-7E784D4BFDE3}.Release|Any CPU.ActiveCfg = Release|Any CPU
		{6B43F4EC-6BED-4DB6-97F5-7E784D4BFDE3}.Release|Any CPU.Build.0 = Release|Any CPU
		{8901B940-C984-43D1-8E6F-1DF67B628AE5}.Debug|Any CPU.ActiveCfg = Debug|Any CPU
		{8901B940-C984-43D1-8E6F-1DF67B628AE5}.Debug|Any CPU.Build.0 = Debug|Any CPU
		{8901B940-C984-43D1-8E6F-1DF67B628AE5}.Release|Any CPU.ActiveCfg = Release|Any CPU
		{8901B940-C984-43D1-8E6F-1DF67B628AE5}.Release|Any CPU.Build.0 = Release|Any CPU
		{B8866018-9D95-4227-B3BC-C755F67DA795}.Debug|Any CPU.ActiveCfg = Debug|Any CPU
		{B8866018-9D95-4227-B3BC-C755F67DA795}.Debug|Any CPU.Build.0 = Debug|Any CPU
		{B8866018-9D95-4227-B3BC-C755F67DA795}.Release|Any CPU.ActiveCfg = Release|Any CPU
		{B8866018-9D95-4227-B3BC-C755F67DA795}.Release|Any CPU.Build.0 = Release|Any CPU
		{3CEECEA6-FA2E-4A9E-BF13-4DB5F0D9E1D7}.Debug|Any CPU.ActiveCfg = Debug|Any CPU
		{3CEECEA6-FA2E-4A9E-BF13-4DB5F0D9E1D7}.Debug|Any CPU.Build.0 = Debug|Any CPU
		{3CEECEA6-FA2E-4A9E-BF13-4DB5F0D9E1D7}.Release|Any CPU.ActiveCfg = Release|Any CPU
		{3CEECEA6-FA2E-4A9E-BF13-4DB5F0D9E1D7}.Release|Any CPU.Build.0 = Release|Any CPU
		{41745EA3-41E7-42C3-80D9-11F6DB09E3D3}.Debug|Any CPU.ActiveCfg = Debug|Any CPU
		{41745EA3-41E7-42C3-80D9-11F6DB09E3D3}.Debug|Any CPU.Build.0 = Debug|Any CPU
		{41745EA3-41E7-42C3-80D9-11F6DB09E3D3}.Release|Any CPU.ActiveCfg = Release|Any CPU
		{41745EA3-41E7-42C3-80D9-11F6DB09E3D3}.Release|Any CPU.Build.0 = Release|Any CPU
		{4158AF2A-E6B2-436B-BD82-3CCB46B28480}.Debug|Any CPU.ActiveCfg = Debug|Any CPU
		{4158AF2A-E6B2-436B-BD82-3CCB46B28480}.Debug|Any CPU.Build.0 = Debug|Any CPU
		{4158AF2A-E6B2-436B-BD82-3CCB46B28480}.Release|Any CPU.ActiveCfg = Release|Any CPU
		{4158AF2A-E6B2-436B-BD82-3CCB46B28480}.Release|Any CPU.Build.0 = Release|Any CPU
	EndGlobalSection
EndGlobal
