
Microsoft Visual Studio Solution File, Format Version 12.00
Project("{FAE04EC0-301F-11D3-BF4B-00C04F79EFBC}") = "Ex001", "Ex001\Ex001.csproj", "{E140456F-D990-4E88-BE0E-F1247B15B36C}"
EndProject
Project("{FAE04EC0-301F-11D3-BF4B-00C04F79EFBC}") = "Ex002", "Ex002\Ex002.csproj", "{B0112EFC-EBD9-4537-BCF2-596837B39486}"
EndProject
Project("{FAE04EC0-301F-11D3-BF4B-00C04F79EFBC}") = "Ex003", "Ex003\Ex003.csproj", "{05B7324F-922F-4A48-835C-1CE5147F1DC2}"
EndProject
Project("{FAE04EC0-301F-11D3-BF4B-00C04F79EFBC}") = "Ex004", "Ex004\Ex004.csproj", "{B47E056E-24E6-4A10-A02B-6B068E41C4AC}"
EndProject
Project("{FAE04EC0-301F-11D3-BF4B-00C04F79EFBC}") = "Ex005", "Ex005\Ex005.csproj", "{3E72963B-75E3-418B-989E-70C01A3BC0C1}"
EndProject
Global
	GlobalSection(SolutionConfigurationPlatforms) = preSolution
		Debug|Any CPU = Debug|Any CPU
		Release|Any CPU = Release|Any CPU
	EndGlobalSection
	GlobalSection(ProjectConfigurationPlatforms) = postSolution
		{E140456F-D990-4E88-BE0E-F1247B15B36C}.Debug|Any CPU.ActiveCfg = Debug|Any CPU
		{E140456F-D990-4E88-BE0E-F1247B15B36C}.Debug|Any CPU.Build.0 = Debug|Any CPU
		{E140456F-D990-4E88-BE0E-F1247B15B36C}.Release|Any CPU.ActiveCfg = Release|Any CPU
		{E140456F-D990-4E88-BE0E-F1247B15B36C}.Release|Any CPU.Build.0 = Release|Any CPU
		{B0112EFC-EBD9-4537-BCF2-596837B39486}.Debug|Any CPU.ActiveCfg = Debug|Any CPU
		{B0112EFC-EBD9-4537-BCF2-596837B39486}.Debug|Any CPU.Build.0 = Debug|Any CPU
		{B0112EFC-EBD9-4537-BCF2-596837B39486}.Release|Any CPU.ActiveCfg = Release|Any CPU
		{B0112EFC-EBD9-4537-BCF2-596837B39486}.Release|Any CPU.Build.0 = Release|Any CPU
		{05B7324F-922F-4A48-835C-1CE5147F1DC2}.Debug|Any CPU.ActiveCfg = Debug|Any CPU
		{05B7324F-922F-4A48-835C-1CE5147F1DC2}.Debug|Any CPU.Build.0 = Debug|Any CPU
		{05B7324F-922F-4A48-835C-1CE5147F1DC2}.Release|Any CPU.ActiveCfg = Release|Any CPU
		{05B7324F-922F-4A48-835C-1CE5147F1DC2}.Release|Any CPU.Build.0 = Release|Any CPU
		{B47E056E-24E6-4A10-A02B-6B068E41C4AC}.Debug|Any CPU.ActiveCfg = Debug|Any CPU
		{B47E056E-24E6-4A10-A02B-6B068E41C4AC}.Debug|Any CPU.Build.0 = Debug|Any CPU
		{B47E056E-24E6-4A10-A02B-6B068E41C4AC}.Release|Any CPU.ActiveCfg = Release|Any CPU
		{B47E056E-24E6-4A10-A02B-6B068E41C4AC}.Release|Any CPU.Build.0 = Release|Any CPU
		{3E72963B-75E3-418B-989E-70C01A3BC0C1}.Debug|Any CPU.ActiveCfg = Debug|Any CPU
		{3E72963B-75E3-418B-989E-70C01A3BC0C1}.Debug|Any CPU.Build.0 = Debug|Any CPU
		{3E72963B-75E3-418B-989E-70C01A3BC0C1}.Release|Any CPU.ActiveCfg = Release|Any CPU
		{3E72963B-75E3-418B-989E-70C01A3BC0C1}.Release|Any CPU.Build.0 = Release|Any CPU
	EndGlobalSection
EndGlobal
