
Microsoft Visual Studio Solution File, Format Version 12.00
Project("{FAE04EC0-301F-11D3-BF4B-00C04F79EFBC}") = "Ex001", "Ex001\Ex001.csproj", "{55FC150A-4AFB-43A2-8D72-1954F1ED8899}"
EndProject
Project("{FAE04EC0-301F-11D3-BF4B-00C04F79EFBC}") = "Ex002", "Ex002\Ex002.csproj", "{9EE5E3C8-B9E0-4818-8556-52ACA9104F88}"
EndProject
Project("{FAE04EC0-301F-11D3-BF4B-00C04F79EFBC}") = "Ex003", "Ex003\Ex003.csproj", "{30EDF309-8C8E-4F16-A5CA-37B726E10250}"
EndProject
Project("{FAE04EC0-301F-11D3-BF4B-00C04F79EFBC}") = "Ex004", "Ex004\Ex004.csproj", "{9DA12D72-3C87-4BA4-AE2F-B0F244F2CFA6}"
EndProject
Project("{FAE04EC0-301F-11D3-BF4B-00C04F79EFBC}") = "Ex005", "Ex005\Ex005.csproj", "{6505D9A6-66DF-4310-A5F7-0B94E4D612DB}"
EndProject
Project("{FAE04EC0-301F-11D3-BF4B-00C04F79EFBC}") = "Ex006", "Ex006\Ex006.csproj", "{AD263E52-7936-49A7-BA21-83B6C0939A13}"
EndProject
Project("{FAE04EC0-301F-11D3-BF4B-00C04F79EFBC}") = "Ex007", "Ex007\Ex007.csproj", "{C3DD3B19-19F8-4143-A565-392CB3D87E60}"
EndProject
Project("{FAE04EC0-301F-11D3-BF4B-00C04F79EFBC}") = "Ex008", "Ex008\Ex008.csproj", "{41E0A95A-7F0B-4391-9AC5-B5732C8705B3}"
EndProject
Project("{FAE04EC0-301F-11D3-BF4B-00C04F79EFBC}") = "Ex009", "Ex009\Ex009.csproj", "{7C6CA6BD-B3EA-4A09-AF98-2D0ABFCB6EE6}"
EndProject
Project("{FAE04EC0-301F-11D3-BF4B-00C04F79EFBC}") = "Ex010", "Ex010\Ex010.csproj", "{E6E43FFF-71C0-4C2C-849F-3759F65EA9E3}"
EndProject
Project("{FAE04EC0-301F-11D3-BF4B-00C04F79EFBC}") = "Ex011", "Ex011\Ex011.csproj", "{F6AD8C1F-4759-4153-B56D-1ED548616772}"
EndProject
Global
	GlobalSection(SolutionConfigurationPlatforms) = preSolution
		Debug|Any CPU = Debug|Any CPU
		Release|Any CPU = Release|Any CPU
	EndGlobalSection
	GlobalSection(ProjectConfigurationPlatforms) = postSolution
		{55FC150A-4AFB-43A2-8D72-1954F1ED8899}.Debug|Any CPU.ActiveCfg = Debug|Any CPU
		{55FC150A-4AFB-43A2-8D72-1954F1ED8899}.Debug|Any CPU.Build.0 = Debug|Any CPU
		{55FC150A-4AFB-43A2-8D72-1954F1ED8899}.Release|Any CPU.ActiveCfg = Release|Any CPU
		{55FC150A-4AFB-43A2-8D72-1954F1ED8899}.Release|Any CPU.Build.0 = Release|Any CPU
		{9EE5E3C8-B9E0-4818-8556-52ACA9104F88}.Debug|Any CPU.ActiveCfg = Debug|Any CPU
		{9EE5E3C8-B9E0-4818-8556-52ACA9104F88}.Debug|Any CPU.Build.0 = Debug|Any CPU
		{9EE5E3C8-B9E0-4818-8556-52ACA9104F88}.Release|Any CPU.ActiveCfg = Release|Any CPU
		{9EE5E3C8-B9E0-4818-8556-52ACA9104F88}.Release|Any CPU.Build.0 = Release|Any CPU
		{30EDF309-8C8E-4F16-A5CA-37B726E10250}.Debug|Any CPU.ActiveCfg = Debug|Any CPU
		{30EDF309-8C8E-4F16-A5CA-37B726E10250}.Debug|Any CPU.Build.0 = Debug|Any CPU
		{30EDF309-8C8E-4F16-A5CA-37B726E10250}.Release|Any CPU.ActiveCfg = Release|Any CPU
		{30EDF309-8C8E-4F16-A5CA-37B726E10250}.Release|Any CPU.Build.0 = Release|Any CPU
		{9DA12D72-3C87-4BA4-AE2F-B0F244F2CFA6}.Debug|Any CPU.ActiveCfg = Debug|Any CPU
		{9DA12D72-3C87-4BA4-AE2F-B0F244F2CFA6}.Debug|Any CPU.Build.0 = Debug|Any CPU
		{9DA12D72-3C87-4BA4-AE2F-B0F244F2CFA6}.Release|Any CPU.ActiveCfg = Release|Any CPU
		{9DA12D72-3C87-4BA4-AE2F-B0F244F2CFA6}.Release|Any CPU.Build.0 = Release|Any CPU
		{6505D9A6-66DF-4310-A5F7-0B94E4D612DB}.Debug|Any CPU.ActiveCfg = Debug|Any CPU
		{6505D9A6-66DF-4310-A5F7-0B94E4D612DB}.Debug|Any CPU.Build.0 = Debug|Any CPU
		{6505D9A6-66DF-4310-A5F7-0B94E4D612DB}.Release|Any CPU.ActiveCfg = Release|Any CPU
		{6505D9A6-66DF-4310-A5F7-0B94E4D612DB}.Release|Any CPU.Build.0 = Release|Any CPU
		{AD263E52-7936-49A7-BA21-83B6C0939A13}.Debug|Any CPU.ActiveCfg = Debug|Any CPU
		{AD263E52-7936-49A7-BA21-83B6C0939A13}.Debug|Any CPU.Build.0 = Debug|Any CPU
		{AD263E52-7936-49A7-BA21-83B6C0939A13}.Release|Any CPU.ActiveCfg = Release|Any CPU
		{AD263E52-7936-49A7-BA21-83B6C0939A13}.Release|Any CPU.Build.0 = Release|Any CPU
		{C3DD3B19-19F8-4143-A565-392CB3D87E60}.Debug|Any CPU.ActiveCfg = Debug|Any CPU
		{C3DD3B19-19F8-4143-A565-392CB3D87E60}.Debug|Any CPU.Build.0 = Debug|Any CPU
		{C3DD3B19-19F8-4143-A565-392CB3D87E60}.Release|Any CPU.ActiveCfg = Release|Any CPU
		{C3DD3B19-19F8-4143-A565-392CB3D87E60}.Release|Any CPU.Build.0 = Release|Any CPU
		{41E0A95A-7F0B-4391-9AC5-B5732C8705B3}.Debug|Any CPU.ActiveCfg = Debug|Any CPU
		{41E0A95A-7F0B-4391-9AC5-B5732C8705B3}.Debug|Any CPU.Build.0 = Debug|Any CPU
		{41E0A95A-7F0B-4391-9AC5-B5732C8705B3}.Release|Any CPU.ActiveCfg = Release|Any CPU
		{41E0A95A-7F0B-4391-9AC5-B5732C8705B3}.Release|Any CPU.Build.0 = Release|Any CPU
		{7C6CA6BD-B3EA-4A09-AF98-2D0ABFCB6EE6}.Debug|Any CPU.ActiveCfg = Debug|Any CPU
		{7C6CA6BD-B3EA-4A09-AF98-2D0ABFCB6EE6}.Debug|Any CPU.Build.0 = Debug|Any CPU
		{7C6CA6BD-B3EA-4A09-AF98-2D0ABFCB6EE6}.Release|Any CPU.ActiveCfg = Release|Any CPU
		{7C6CA6BD-B3EA-4A09-AF98-2D0ABFCB6EE6}.Release|Any CPU.Build.0 = Release|Any CPU
		{E6E43FFF-71C0-4C2C-849F-3759F65EA9E3}.Debug|Any CPU.ActiveCfg = Debug|Any CPU
		{E6E43FFF-71C0-4C2C-849F-3759F65EA9E3}.Debug|Any CPU.Build.0 = Debug|Any CPU
		{E6E43FFF-71C0-4C2C-849F-3759F65EA9E3}.Release|Any CPU.ActiveCfg = Release|Any CPU
		{E6E43FFF-71C0-4C2C-849F-3759F65EA9E3}.Release|Any CPU.Build.0 = Release|Any CPU
		{F6AD8C1F-4759-4153-B56D-1ED548616772}.Debug|Any CPU.ActiveCfg = Debug|Any CPU
		{F6AD8C1F-4759-4153-B56D-1ED548616772}.Debug|Any CPU.Build.0 = Debug|Any CPU
		{F6AD8C1F-4759-4153-B56D-1ED548616772}.Release|Any CPU.ActiveCfg = Release|Any CPU
		{F6AD8C1F-4759-4153-B56D-1ED548616772}.Release|Any CPU.Build.0 = Release|Any CPU
	EndGlobalSection
EndGlobal
