
Microsoft Visual Studio Solution File, Format Version 12.00
Project("{FAE04EC0-301F-11D3-BF4B-00C04F79EFBC}") = "Ex001", "Ex001\Ex001.csproj", "{A617C813-0631-4027-A3BC-6DDB3C08DF28}"
EndProject
Project("{FAE04EC0-301F-11D3-BF4B-00C04F79EFBC}") = "Ex002", "Ex002\Ex002.csproj", "{F6CFA25A-3EF2-4D97-A96B-8090A3434F36}"
EndProject
Project("{FAE04EC0-301F-11D3-BF4B-00C04F79EFBC}") = "Ex003", "Ex003\Ex003.csproj", "{5498443D-F320-47D5-9F05-8C516AC8476F}"
EndProject
Project("{FAE04EC0-301F-11D3-BF4B-00C04F79EFBC}") = "Ex004", "Ex004\Ex004.csproj", "{17FBC3B4-2811-466E-A1E4-8792882689D4}"
EndProject
Project("{FAE04EC0-301F-11D3-BF4B-00C04F79EFBC}") = "Ex005", "Ex005\Ex005.csproj", "{357A8D96-8704-4CA3-BED5-C808B1FCCF03}"
EndProject
Project("{FAE04EC0-301F-11D3-BF4B-00C04F79EFBC}") = "Ex006", "Ex006\Ex006.csproj", "{F3AAC416-5A24-4858-B7EE-91E98930A6CE}"
EndProject
Global
	GlobalSection(SolutionConfigurationPlatforms) = preSolution
		Debug|Any CPU = Debug|Any CPU
		Release|Any CPU = Release|Any CPU
	EndGlobalSection
	GlobalSection(ProjectConfigurationPlatforms) = postSolution
		{A617C813-0631-4027-A3BC-6DDB3C08DF28}.Debug|Any CPU.ActiveCfg = Debug|Any CPU
		{A617C813-0631-4027-A3BC-6DDB3C08DF28}.Debug|Any CPU.Build.0 = Debug|Any CPU
		{A617C813-0631-4027-A3BC-6DDB3C08DF28}.Release|Any CPU.ActiveCfg = Release|Any CPU
		{A617C813-0631-4027-A3BC-6DDB3C08DF28}.Release|Any CPU.Build.0 = Release|Any CPU
		{F6CFA25A-3EF2-4D97-A96B-8090A3434F36}.Debug|Any CPU.ActiveCfg = Debug|Any CPU
		{F6CFA25A-3EF2-4D97-A96B-8090A3434F36}.Debug|Any CPU.Build.0 = Debug|Any CPU
		{F6CFA25A-3EF2-4D97-A96B-8090A3434F36}.Release|Any CPU.ActiveCfg = Release|Any CPU
		{F6CFA25A-3EF2-4D97-A96B-8090A3434F36}.Release|Any CPU.Build.0 = Release|Any CPU
		{5498443D-F320-47D5-9F05-8C516AC8476F}.Debug|Any CPU.ActiveCfg = Debug|Any CPU
		{5498443D-F320-47D5-9F05-8C516AC8476F}.Debug|Any CPU.Build.0 = Debug|Any CPU
		{5498443D-F320-47D5-9F05-8C516AC8476F}.Release|Any CPU.ActiveCfg = Release|Any CPU
		{5498443D-F320-47D5-9F05-8C516AC8476F}.Release|Any CPU.Build.0 = Release|Any CPU
		{17FBC3B4-2811-466E-A1E4-8792882689D4}.Debug|Any CPU.ActiveCfg = Debug|Any CPU
		{17FBC3B4-2811-466E-A1E4-8792882689D4}.Debug|Any CPU.Build.0 = Debug|Any CPU
		{17FBC3B4-2811-466E-A1E4-8792882689D4}.Release|Any CPU.ActiveCfg = Release|Any CPU
		{17FBC3B4-2811-466E-A1E4-8792882689D4}.Release|Any CPU.Build.0 = Release|Any CPU
		{357A8D96-8704-4CA3-BED5-C808B1FCCF03}.Debug|Any CPU.ActiveCfg = Debug|Any CPU
		{357A8D96-8704-4CA3-BED5-C808B1FCCF03}.Debug|Any CPU.Build.0 = Debug|Any CPU
		{357A8D96-8704-4CA3-BED5-C808B1FCCF03}.Release|Any CPU.ActiveCfg = Release|Any CPU
		{357A8D96-8704-4CA3-BED5-C808B1FCCF03}.Release|Any CPU.Build.0 = Release|Any CPU
		{F3AAC416-5A24-4858-B7EE-91E98930A6CE}.Debug|Any CPU.ActiveCfg = Debug|Any CPU
		{F3AAC416-5A24-4858-B7EE-91E98930A6CE}.Debug|Any CPU.Build.0 = Debug|Any CPU
		{F3AAC416-5A24-4858-B7EE-91E98930A6CE}.Release|Any CPU.ActiveCfg = Release|Any CPU
		{F3AAC416-5A24-4858-B7EE-91E98930A6CE}.Release|Any CPU.Build.0 = Release|Any CPU
	EndGlobalSection
EndGlobal
