
Microsoft Visual Studio Solution File, Format Version 12.00
Project("{FAE04EC0-301F-11D3-BF4B-00C04F79EFBC}") = "Ex001", "Ex001\Ex001.csproj", "{2D6B1DE7-3736-489C-9BFB-75ACA8406886}"
EndProject
Project("{FAE04EC0-301F-11D3-BF4B-00C04F79EFBC}") = "Ex002", "Ex002\Ex002.csproj", "{0EDCDA92-3847-4AB6-B176-EC4EC07C9FFD}"
EndProject
Project("{FAE04EC0-301F-11D3-BF4B-00C04F79EFBC}") = "Ex003", "Ex003\Ex003.csproj", "{816AF015-5020-417E-A723-1C4036EE2954}"
EndProject
Project("{FAE04EC0-301F-11D3-BF4B-00C04F79EFBC}") = "Ex004", "Ex004\Ex004.csproj", "{D5696A25-49CC-4A43-B939-3AC194206304}"
EndProject
Project("{FAE04EC0-301F-11D3-BF4B-00C04F79EFBC}") = "Ex005", "Ex005\Ex005.csproj", "{DC5A8FCF-AFE5-4CC9-B345-20458B1A77CF}"
EndProject
Project("{FAE04EC0-301F-11D3-BF4B-00C04F79EFBC}") = "Ex006", "Ex006\Ex006.csproj", "{CFB28A08-D335-43DF-9911-73F7AC191611}"
EndProject
Project("{FAE04EC0-301F-11D3-BF4B-00C04F79EFBC}") = "Ex007", "Ex007\Ex007.csproj", "{FE8C31D6-3657-438A-8AD5-6BF4196B7987}"
EndProject
Global
	GlobalSection(SolutionConfigurationPlatforms) = preSolution
		Debug|Any CPU = Debug|Any CPU
		Release|Any CPU = Release|Any CPU
	EndGlobalSection
	GlobalSection(ProjectConfigurationPlatforms) = postSolution
		{2D6B1DE7-3736-489C-9BFB-75ACA8406886}.Debug|Any CPU.ActiveCfg = Debug|Any CPU
		{2D6B1DE7-3736-489C-9BFB-75ACA8406886}.Debug|Any CPU.Build.0 = Debug|Any CPU
		{2D6B1DE7-3736-489C-9BFB-75ACA8406886}.Release|Any CPU.ActiveCfg = Release|Any CPU
		{2D6B1DE7-3736-489C-9BFB-75ACA8406886}.Release|Any CPU.Build.0 = Release|Any CPU
		{0EDCDA92-3847-4AB6-B176-EC4EC07C9FFD}.Debug|Any CPU.ActiveCfg = Debug|Any CPU
		{0EDCDA92-3847-4AB6-B176-EC4EC07C9FFD}.Debug|Any CPU.Build.0 = Debug|Any CPU
		{0EDCDA92-3847-4AB6-B176-EC4EC07C9FFD}.Release|Any CPU.ActiveCfg = Release|Any CPU
		{0EDCDA92-3847-4AB6-B176-EC4EC07C9FFD}.Release|Any CPU.Build.0 = Release|Any CPU
		{816AF015-5020-417E-A723-1C4036EE2954}.Debug|Any CPU.ActiveCfg = Debug|Any CPU
		{816AF015-5020-417E-A723-1C4036EE2954}.Debug|Any CPU.Build.0 = Debug|Any CPU
		{816AF015-5020-417E-A723-1C4036EE2954}.Release|Any CPU.ActiveCfg = Release|Any CPU
		{816AF015-5020-417E-A723-1C4036EE2954}.Release|Any CPU.Build.0 = Release|Any CPU
		{D5696A25-49CC-4A43-B939-3AC194206304}.Debug|Any CPU.ActiveCfg = Debug|Any CPU
		{D5696A25-49CC-4A43-B939-3AC194206304}.Debug|Any CPU.Build.0 = Debug|Any CPU
		{D5696A25-49CC-4A43-B939-3AC194206304}.Release|Any CPU.ActiveCfg = Release|Any CPU
		{D5696A25-49CC-4A43-B939-3AC194206304}.Release|Any CPU.Build.0 = Release|Any CPU
		{DC5A8FCF-AFE5-4CC9-B345-20458B1A77CF}.Debug|Any CPU.ActiveCfg = Debug|Any CPU
		{DC5A8FCF-AFE5-4CC9-B345-20458B1A77CF}.Debug|Any CPU.Build.0 = Debug|Any CPU
		{DC5A8FCF-AFE5-4CC9-B345-20458B1A77CF}.Release|Any CPU.ActiveCfg = Release|Any CPU
		{DC5A8FCF-AFE5-4CC9-B345-20458B1A77CF}.Release|Any CPU.Build.0 = Release|Any CPU
		{CFB28A08-D335-43DF-9911-73F7AC191611}.Debug|Any CPU.ActiveCfg = Debug|Any CPU
		{CFB28A08-D335-43DF-9911-73F7AC191611}.Debug|Any CPU.Build.0 = Debug|Any CPU
		{CFB28A08-D335-43DF-9911-73F7AC191611}.Release|Any CPU.ActiveCfg = Release|Any CPU
		{CFB28A08-D335-43DF-9911-73F7AC191611}.Release|Any CPU.Build.0 = Release|Any CPU
		{FE8C31D6-3657-438A-8AD5-6BF4196B7987}.Debug|Any CPU.ActiveCfg = Debug|Any CPU
		{FE8C31D6-3657-438A-8AD5-6BF4196B7987}.Debug|Any CPU.Build.0 = Debug|Any CPU
		{FE8C31D6-3657-438A-8AD5-6BF4196B7987}.Release|Any CPU.ActiveCfg = Release|Any CPU
		{FE8C31D6-3657-438A-8AD5-6BF4196B7987}.Release|Any CPU.Build.0 = Release|Any CPU
	EndGlobalSection
EndGlobal
